<?xml version="1.0" encoding="utf-8"?>
<Project ToolsVersion="4.0" xmlns="http://schemas.microsoft.com/developer/msbuild/2003">
  <!-- ============================================ -->
  <!-- Filter Definitions                           -->
  <!-- ============================================ -->
  <ItemGroup>
    <Filter Include="include">
      <UniqueIdentifier>{560343f0-d554-46c4-9600-e70b6f9f71e4}</UniqueIdentifier>
    </Filter>
    <Filter Include="include\core">
      <UniqueIdentifier>{9fc8349b-c9ed-4de2-b1c7-ebca1bfa65a2}</UniqueIdentifier>
    </Filter>
    <Filter Include="include\core\config">
      <UniqueIdentifier>{a1b2c3d4-e5f6-7a8b-9c0d-1e2f3a4b5c6d}</UniqueIdentifier>
    </Filter>
    <Filter Include="include\common">
      <UniqueIdentifier>{a1b2c3d4-e5f6-4a1b-a1b2-c3d4e5f6a1b2}</UniqueIdentifier>
    </Filter>
    <Filter Include="include\network">
      <UniqueIdentifier>{3fce005a-4d69-4bd5-bc93-d8058b7e1eaf}</UniqueIdentifier>
    </Filter>
    <Filter Include="include\commands">
      <UniqueIdentifier>{a9b06c90-d151-425b-9a69-f7de6b8529c3}</UniqueIdentifier>
    </Filter>
    <Filter Include="include\commands\handlers">
      <UniqueIdentifier>{f1a2b3c4-d5e6-4f7a-8b9c-0d1e2f3a4b5c}</UniqueIdentifier>
    </Filter>
    <Filter Include="include\log analyzer">
      <UniqueIdentifier>{6f7a8b9c-0d1e-2f3a-4b5c-6d7e8f9a0b1c}</UniqueIdentifier>
    </Filter>
    <Filter Include="include\log analyzer\sync">
      <UniqueIdentifier>{d22ef799-3f98-4d34-91d1-79ef3d2146d0}</UniqueIdentifier>
    </Filter>
    <Filter Include="include\log analyzer\upload">
      <UniqueIdentifier>{e33fg800-4f99-5e45-a2e2-80fg4e3257e1}</UniqueIdentifier>
    </Filter>
    <Filter Include="include\log analyzer\yield">
      <UniqueIdentifier>{b3c4d5e6-f7a8-4b9c-0d1e-2f3a4b5c6d7e}</UniqueIdentifier>
    </Filter>
    <Filter Include="include\model_ops">
      <UniqueIdentifier>{c4d5e6f7-a8b9-4c0d-1e2f-3a4b5c6d7e8f}</UniqueIdentifier>
    </Filter>
    <Filter Include="include\utilities">
      <UniqueIdentifier>{4414d185-8b03-4a83-9032-3734777daa9c}</UniqueIdentifier>
    </Filter>
    <Filter Include="include\ui">
      <UniqueIdentifier>{66b04cdf-5e28-4a50-85b1-7b945bd39494}</UniqueIdentifier>
    </Filter>
    <Filter Include="src">
      <UniqueIdentifier>{78794bcc-4497-4a6c-bb50-75309cbc95b1}</UniqueIdentifier>
    </Filter>
    <Filter Include="src\core">
      <UniqueIdentifier>{b8012a06-f1a9-4b83-817a-e5a6ddacf12a}</UniqueIdentifier>
    </Filter>
    <Filter Include="src\core\config">
      <UniqueIdentifier>{c2d3e4f5-a6b7-8c9d-0e1f-2a3b4c5d6e7f}</UniqueIdentifier>
    </Filter>
    <Filter Include="src\network">
      <UniqueIdentifier>{dc00954a-4412-48c4-8211-6c8d86b39678}</UniqueIdentifier>
    </Filter>
    <Filter Include="src\commands">
      <UniqueIdentifier>{43d59b9a-5aef-4ae1-a97a-4e44669f068b}</UniqueIdentifier>
    </Filter>
    <Filter Include="src\log analyzer">
      <UniqueIdentifier>{7g8h9i0j-1k2l-3m4n-5o6p-7q8r9s0t1u2v}</UniqueIdentifier>
    </Filter>
    <Filter Include="src\log analyzer\sync">
      <UniqueIdentifier>{5df8b282-1629-4f3e-8b7d-97943e1fe681}</UniqueIdentifier>
    </Filter>
    <Filter Include="src\log analyzer\upload">
      <UniqueIdentifier>{6eg9c393-2730-5g4f-9c8e-08a54f2gf792}</UniqueIdentifier>
    </Filter>
    <Filter Include="src\log analyzer\yield">
      <UniqueIdentifier>{d5e6f7a8-b9c0-4d1e-2f3a-4b5c6d7e8f9a}</UniqueIdentifier>
    </Filter>
    <Filter Include="src\model_ops">
      <UniqueIdentifier>{e6f7a8b9-c0d1-4e2f-3a4b-5c6d7e8f9a0b}</UniqueIdentifier>
    </Filter>
    <Filter Include="src\utilities">
      <UniqueIdentifier>{a2bdb104-e845-44cc-a918-23c116e3716f}</UniqueIdentifier>
    </Filter>
    <Filter Include="src\ui">
      <UniqueIdentifier>{28da2087-9e3f-4174-8bad-4b3b5ff23345}</UniqueIdentifier>
    </Filter>
    <Filter Include="lib">
      <UniqueIdentifier>{9e9e5694-54a5-4369-a225-f9d5a09341bd}</UniqueIdentifier>
    </Filter>
    <Filter Include="lib\zlib">
      <UniqueIdentifier>{7a8b9c0d-1e2f-3a4b-5c6d-7e8f9a0b1c2d}</UniqueIdentifier>
    </Filter>
  </ItemGroup>
  <!-- ============================================ -->
  <!-- Header Files (ClInclude)                     -->
  <!-- ============================================ -->
  <ItemGroup>
    <!-- core/ -->
    <ClInclude Include="include\core\AgentCore.h">
      <Filter>include\core</Filter>
    </ClInclude>
    <ClInclude Include="include\core\Logger.h">
      <Filter>include\core</Filter>
    </ClInclude>
    <ClInclude Include="include\core\HeartbeatService.h">
      <Filter>include\core</Filter>
    </ClInclude>
    <ClInclude Include="include\core\config\ConfigManager.h">
      <Filter>include\core\config</Filter>
    </ClInclude>
    <ClInclude Include="include\core\config\ConfigFileWatcher.h">
      <Filter>include\core\config</Filter>
    </ClInclude>
    <ClInclude Include="include\core\ProcessMonitor.h">
      <Filter>include\core</Filter>
    </ClInclude>
    <ClInclude Include="include\core\RegistrationService.h">
      <Filter>include\core</Filter>
    </ClInclude>
    <ClInclude Include="include\core\DiagnosticsService.h">
      <Filter>include\core</Filter>
    </ClInclude>
    <!-- common/ -->
    <ClInclude Include="include\common\Constants.h">
      <Filter>include\common</Filter>
    </ClInclude>
    <ClInclude Include="include\common\Types.h">
      <Filter>include\common</Filter>
    </ClInclude>
    <!-- network/ -->
    <ClInclude Include="include\network\RestClient.h">
      <Filter>include\network</Filter>
    </ClInclude>
    <ClInclude Include="include\network\WebSocketClient.h">
      <Filter>include\network</Filter>
    </ClInclude>
    <ClInclude Include="include\network\PipeClient.h">
      <Filter>include\network</Filter>
    </ClInclude>
    <ClInclude Include="include\network\NetworkUtils.h">
      <Filter>include\network</Filter>
    </ClInclude>
    <!-- commands/ -->
    <ClInclude Include="include\commands\CommandQueue.h">
      <Filter>include\commands</Filter>
    </ClInclude>
    <ClInclude Include="include\commands\ICommandHandler.h">
      <Filter>include\commands</Filter>
    </ClInclude>
    <ClInclude Include="include\commands\CommandDispatcher.h">
      <Filter>include\commands</Filter>
    </ClInclude>
    <!-- commands/handlers/ -->
    <ClInclude Include="include\commands\handlers\ConfigCommandHandler.h">
      <Filter>include\commands\handlers</Filter>
    </ClInclude>
    <ClInclude Include="include\commands\handlers\ModelCommandHandler.h">
      <Filter>include\commands\handlers</Filter>
    </ClInclude>
    <ClInclude Include="include\commands\handlers\DeployCommandHandler.h">
      <Filter>include\commands\handlers</Filter>
    </ClInclude>
    <ClInclude Include="include\commands\handlers\LifecycleCommandHandler.h">
      <Filter>include\commands\handlers</Filter>
    </ClInclude>
    <!-- log analyzer includes -->
    <ClInclude Include="include\log_analyzer\sync\LogDirWatcher.h">
      <Filter>include\log analyzer\sync</Filter>
    </ClInclude>
    <ClInclude Include="include\log_analyzer\sync\LogStructureSyncService.h">
      <Filter>include\log analyzer\sync</Filter>
    </ClInclude>
    <ClInclude Include="include\log_analyzer\upload\LogFileUploadService.h">
      <Filter>include\log analyzer\upload</Filter>
    </ClInclude>
    <ClInclude Include="include\log_analyzer\upload\ImageUploadService.h">
      <Filter>include\log analyzer\upload</Filter>
    </ClInclude>
    <ClInclude Include="include\log_analyzer\yield\YieldMonitor.h">
      <Filter>include\log analyzer\yield</Filter>
    </ClInclude>
    <ClInclude Include="include\log_analyzer\yield\YieldFileWatcher.h">
      <Filter>include\log analyzer\yield</Filter>
    </ClInclude>
    <ClInclude Include="include\log_analyzer\yield\YieldXmlParser.h">
      <Filter>include\log analyzer\yield</Filter>
    </ClInclude>
    <ClInclude Include="include\log_analyzer\yield\YieldReporter.h">
      <Filter>include\log analyzer\yield</Filter>
    </ClInclude>
    <ClInclude Include="include\log_analyzer\yield\YieldTypes.h">
      <Filter>include\log analyzer\yield</Filter>
    </ClInclude>
    <!-- model_ops/ -->
    <ClInclude Include="include\model_ops\ModelService.h">
      <Filter>include\model_ops</Filter>
    </ClInclude>
    <ClInclude Include="include\model_ops\ModelDeployer.h">
      <Filter>include\model_ops</Filter>
    </ClInclude>
    <ClInclude Include="include\model_ops\SyncWorker.h">
      <Filter>include\model_ops</Filter>
    </ClInclude>
    <!-- utilities/ -->
    <ClInclude Include="include\utilities\FileUtils.h">
      <Filter>include\utilities</Filter>
    </ClInclude>
    <ClInclude Include="include\utilities\CryptoUtils.h">
      <Filter>include\utilities</Filter>
    </ClInclude>
    <ClInclude Include="include\utilities\StringUtils.h">
      <Filter>include\utilities</Filter>
    </ClInclude>
    <ClInclude Include="include\utilities\ZipUtils.h">
      <Filter>include\utilities</Filter>
    </ClInclude>
    <ClInclude Include="include\utilities\GzipCompressor.h">
      <Filter>include\utilities</Filter>
    </ClInclude>
    <ClInclude Include="include\utilities\CrashDumper.h">
      <Filter>include\utilities</Filter>
    </ClInclude>
    <ClInclude Include="include\utilities\ResourceGovernor.h">
      <Filter>include\utilities</Filter>
    </ClInclude>
    <!-- ui/ -->
    <ClInclude Include="include\ui\TrayIcon.h">
      <Filter>include\ui</Filter>
    </ClInclude>
    <ClInclude Include="include\ui\RegistrationDialog.h">
      <Filter>include\ui</Filter>
    </ClInclude>
    <!-- root -->
    <ClInclude Include="resource.h">
      <Filter>include</Filter>
    </ClInclude>
  </ItemGroup>
  <!-- ============================================ -->
  <!-- Resource Files                               -->
  <!-- ============================================ -->
  <ItemGroup>
    <ResourceCompile Include="resource.rc" />
  </ItemGroup>
  <!-- ============================================ -->
  <!-- Source Files (ClCompile)                     -->
  <!-- ============================================ -->
  <ItemGroup>
    <!-- src root -->
    <ClCompile Include="src\pch.cpp">
      <Filter>src</Filter>
    </ClCompile>
    <ClCompile Include="src\main.cpp">
      <Filter>src</Filter>
    </ClCompile>
    <ClCompile Include="src\stb_impl.cpp">
      <Filter>src</Filter>
    </ClCompile>
    <!-- src\core/ -->
    <ClCompile Include="src\core\AgentCore.cpp">
      <Filter>src\core</Filter>
    </ClCompile>
    <ClCompile Include="src\core\Logger.cpp">
      <Filter>src\core</Filter>
    </ClCompile>
    <ClCompile Include="src\core\HeartbeatService.cpp">
      <Filter>src\core</Filter>
    </ClCompile>
    <ClCompile Include="src\core\config\ConfigManager.cpp">
      <Filter>src\core\config</Filter>
    </ClCompile>
    <ClCompile Include="src\core\config\ConfigFileWatcher.cpp">
      <Filter>src\core\config</Filter>
    </ClCompile>
    <ClCompile Include="src\core\ProcessMonitor.cpp">
      <Filter>src\core</Filter>
    </ClCompile>
    <ClCompile Include="src\core\RegistrationService.cpp">
      <Filter>src\core</Filter>
    </ClCompile>
    <ClCompile Include="src\core\DiagnosticsService.cpp">
      <Filter>src\core</Filter>
    </ClCompile>
    <!-- src\network/ -->
    <ClCompile Include="src\network\RestClient.cpp">
      <Filter>src\network</Filter>
    </ClCompile>
    <ClCompile Include="src\network\WebSocketClient.cpp">
      <Filter>src\network</Filter>
    </ClCompile>
    <ClCompile Include="src\network\PipeClient.cpp">
      <Filter>src\network</Filter>
    </ClCompile>
    <ClCompile Include="src\network\NetworkUtils.cpp">
      <Filter>src\network</Filter>
    </ClCompile>
    <!-- src\commands/ -->
    <ClCompile Include="src\commands\CommandDispatcher.cpp">
      <Filter>src\commands</Filter>
    </ClCompile>
    <!-- log analyzer sources -->
    <ClCompile Include="src\log_analyzer\sync\LogDirWatcher.cpp">
      <Filter>src\log analyzer\sync</Filter>
    </ClCompile>
    <ClCompile Include="src\log_analyzer\sync\LogStructureSyncService.cpp">
      <Filter>src\log analyzer\sync</Filter>
    </ClCompile>
    <ClCompile Include="src\log_analyzer\upload\LogFileUploadService.cpp">
      <Filter>src\log analyzer\upload</Filter>
    </ClCompile>
    <ClCompile Include="src\log_analyzer\upload\ImageUploadService.cpp">
      <Filter>src\log analyzer\upload</Filter>
    </ClCompile>
    <ClCompile Include="src\log_analyzer\yield\YieldMonitor.cpp">
      <Filter>src\log analyzer\yield</Filter>
    </ClCompile>
    <ClCompile Include="src\log_analyzer\yield\YieldFileWatcher.cpp">
      <Filter>src\log analyzer\yield</Filter>
    </ClCompile>
    <ClCompile Include="src\log_analyzer\yield\YieldXmlParser.cpp">
      <Filter>src\log analyzer\yield</Filter>
    </ClCompile>
    <ClCompile Include="src\log_analyzer\yield\YieldReporter.cpp">
      <Filter>src\log analyzer\yield</Filter>
    </ClCompile>
    <!-- src\model_ops/ -->
    <ClCompile Include="src\model_ops\ModelService.cpp">
      <Filter>src\model_ops</Filter>
    </ClCompile>
    <ClCompile Include="src\model_ops\ModelDeployer.cpp">
      <Filter>src\model_ops</Filter>
    </ClCompile>
    <!-- src\utilities/ -->
    <ClCompile Include="src\utilities\FileUtils.cpp">
      <Filter>src\utilities</Filter>
    </ClCompile>
    <ClCompile Include="src\utilities\CryptoUtils.cpp">
      <Filter>src\utilities</Filter>
    </ClCompile>
    <ClCompile Include="src\utilities\StringUtils.cpp">
      <Filter>src\utilities</Filter>
    </ClCompile>
    <ClCompile Include="src\utilities\ZipUtils.cpp">
      <Filter>src\utilities</Filter>
    </ClCompile>
    <ClCompile Include="src\utilities\CrashDumper.cpp">
      <Filter>src\utilities</Filter>
    </ClCompile>
    <ClCompile Include="src\utilities\ResourceGovernor.cpp">
      <Filter>src\utilities</Filter>
    </ClCompile>
    <!-- src\ui/ -->
    <ClCompile Include="src\ui\RegistrationDialog.cpp">
      <Filter>src\ui</Filter>
    </ClCompile>
    <ClCompile Include="src\ui\TrayIcon.cpp">
      <Filter>src\ui</Filter>
    </ClCompile>
    <!-- zlib source files -->
    <ClCompile Include="third_party\zlib\zlib-1.3.1\adler32.c">
      <Filter>lib\zlib</Filter>
    </ClCompile>
    <ClCompile Include="third_party\zlib\zlib-1.3.1\compress.c">
      <Filter>lib\zlib</Filter>
    </ClCompile>
    <ClCompile Include="third_party\zlib\zlib-1.3.1\crc32.c">
      <Filter>lib\zlib</Filter>
    </ClCompile>
    <ClCompile Include="third_party\zlib\zlib-1.3.1\deflate.c">
      <Filter>lib\zlib</Filter>
    </ClCompile>
    <ClCompile Include="third_party\zlib\zlib-1.3.1\gzclose.c">
      <Filter>lib\zlib</Filter>
    </ClCompile>
    <ClCompile Include="third_party\zlib\zlib-1.3.1\gzlib.c">
      <Filter>lib\zlib</Filter>
    </ClCompile>
    <ClCompile Include="third_party\zlib\zlib-1.3.1\gzread.c">
      <Filter>lib\zlib</Filter>
    </ClCompile>
    <ClCompile Include="third_party\zlib\zlib-1.3.1\gzwrite.c">
      <Filter>lib\zlib</Filter>
    </ClCompile>
    <ClCompile Include="third_party\zlib\zlib-1.3.1\infback.c">
      <Filter>lib\zlib</Filter>
    </ClCompile>
    <ClCompile Include="third_party\zlib\zlib-1.3.1\inffast.c">
      <Filter>lib\zlib</Filter>
    </ClCompile>
    <ClCompile Include="third_party\zlib\zlib-1.3.1\inflate.c">
      <Filter>lib\zlib</Filter>
    </ClCompile>
    <ClCompile Include="third_party\zlib\zlib-1.3.1\inftrees.c">
      <Filter>lib\zlib</Filter>
    </ClCompile>
    <ClCompile Include="third_party\zlib\zlib-1.3.1\trees.c">
      <Filter>lib\zlib</Filter>
    </ClCompile>
    <ClCompile Include="third_party\zlib\zlib-1.3.1\uncompr.c">
      <Filter>lib\zlib</Filter>
    </ClCompile>
    <ClCompile Include="third_party\zlib\zlib-1.3.1\zutil.c">
      <Filter>lib\zlib</Filter>
    </ClCompile>
  </ItemGroup>
</Project>