<?xml version="1.0" encoding="utf-8"?>
<Project ToolsVersion="4.0" xmlns="http://schemas.microsoft.com/developer/msbuild/2003">
  <ItemGroup>
    <ClInclude Include="include\common\Constants.h">
      <Filter>include\common</Filter>
    </ClInclude>
    <ClInclude Include="include\common\Types.h">
      <Filter>include\common</Filter>
    </ClInclude>
    <ClInclude Include="include\common\PipeProtocol.h">
      <Filter>include\common</Filter>
    </ClInclude>
    <ClInclude Include="include\utilities\FileUtils.h">
      <Filter>include\utilities</Filter>
    </ClInclude>
    <ClInclude Include="include\utilities\NetworkUtils.h">
      <Filter>include\utilities</Filter>
    </ClInclude>
    <ClInclude Include="include\utilities\StringUtils.h">
      <Filter>include\utilities</Filter>
    </ClInclude>
    <ClInclude Include="include\utilities\ZipUtils.h">
      <Filter>include\utilities</Filter>
    </ClInclude>
    <ClInclude Include="include\utilities\GzipCompressor.h">
      <Filter>include\utilities</Filter>
    </ClInclude>
    <ClInclude Include="include\Utils\Logger.h">
      <Filter>include\utilities</Filter>
    </ClInclude>
    <ClInclude Include="include\monitoring\ConfigManager.h">
      <Filter>include\monitoring</Filter>
    </ClInclude>
    <ClInclude Include="include\monitoring\FileMonitor.h">
      <Filter>include\monitoring</Filter>
    </ClInclude>
    <ClInclude Include="include\monitoring\ProcessMonitor.h">
      <Filter>include\monitoring</Filter>
    </ClInclude>
    <ClInclude Include="include\network\HttpClient.h">
      <Filter>include\network</Filter>
    </ClInclude>
    <ClInclude Include="include\services\CommandExecutor.h">
      <Filter>include\services</Filter>
    </ClInclude>
    <ClInclude Include="include\services\ConfigService.h">
      <Filter>include\services</Filter>
    </ClInclude>
    <ClInclude Include="include\services\HeartbeatService.h">
      <Filter>include\services</Filter>
    </ClInclude>
    <ClInclude Include="include\services\LogService.h">
      <Filter>include\services</Filter>
    </ClInclude>
    <ClInclude Include="include\services\ModelService.h">
      <Filter>include\services</Filter>
    </ClInclude>
    <ClInclude Include="include\services\RegistrationService.h">
      <Filter>include\services</Filter>
    </ClInclude>
    <ClInclude Include="include\core\AgentCore.h">
      <Filter>include\core</Filter>
    </ClInclude>
    <ClInclude Include="include\ui\RegistrationDialog.h">
      <Filter>include\ui</Filter>
    </ClInclude>
    <ClInclude Include="include\ui\TrayIcon.h">
      <Filter>include\ui</Filter>
    </ClInclude>
    <ClInclude Include="third_party\json\json.hpp">
      <Filter>lib</Filter>
    </ClInclude>
    <ClInclude Include="resource.h" />
    <ClInclude Include="include\network\WebSocketClient.h">
      <Filter>include\network</Filter>
    </ClInclude>
    <ClInclude Include="include\services\ImageService.h">
      <Filter>include\services</Filter>
    </ClInclude>
    <ClInclude Include="include\services\PipeClient.h">
      <Filter>include\services</Filter>
    </ClInclude>
    <ClInclude Include="include\monitoring\YieldMonitor.h">
      <Filter>include\monitoring</Filter>
    </ClInclude>
    <ClInclude Include="include\monitoring\LogDirWatcher.h">
      <Filter>include\monitoring</Filter>
    </ClInclude>
    <ClInclude Include="include\monitoring\YieldFileWatcher.h">
      <Filter>include\monitoring</Filter>
    </ClInclude>
    <ClInclude Include="include\monitoring\YieldReporter.h">
      <Filter>include\monitoring</Filter>
    </ClInclude>
    <ClInclude Include="include\monitoring\YieldTypes.h">
      <Filter>include\monitoring</Filter>
    </ClInclude>
    <ClInclude Include="include\monitoring\YieldXmlParser.h">
      <Filter>include\monitoring</Filter>
    </ClInclude>
    <ClInclude Include="include\services\CommandQueue.h">
      <Filter>include\services</Filter>
    </ClInclude>
    <ClInclude Include="include\services\ModelDeployer.h">
      <Filter>include\services</Filter>
    </ClInclude>
    <ClInclude Include="include\services\SyncWorker.h">
      <Filter>include\services</Filter>
    </ClInclude>
  </ItemGroup>
  <ItemGroup>
    <ResourceCompile Include="resource.rc" />
  </ItemGroup>
  <ItemGroup>
    <Filter Include="include">
      <UniqueIdentifier>{560343f0-d554-46c4-9600-e70b6f9f71e4}</UniqueIdentifier>
    </Filter>
    <Filter Include="src">
      <UniqueIdentifier>{78794bcc-4497-4a6c-bb50-75309cbc95b1}</UniqueIdentifier>
    </Filter>
    <Filter Include="include\common">
      <UniqueIdentifier>{a1b2c3d4-e5f6-4a1b-a1b2-c3d4e5f6a1b2}</UniqueIdentifier>
    </Filter>
    <Filter Include="include\utilities">
      <UniqueIdentifier>{4414d185-8b03-4a83-9032-3734777daa9c}</UniqueIdentifier>
    </Filter>
    <Filter Include="include\monitoring">
      <UniqueIdentifier>{d22ef799-3f98-4d34-91d1-79ef3d2146d0}</UniqueIdentifier>
    </Filter>
    <Filter Include="include\network">
      <UniqueIdentifier>{3fce005a-4d69-4bd5-bc93-d8058b7e1eaf}</UniqueIdentifier>
    </Filter>
    <Filter Include="include\services">
      <UniqueIdentifier>{a9b06c90-d151-425b-9a69-f7de6b8529c3}</UniqueIdentifier>
    </Filter>
    <Filter Include="include\core">
      <UniqueIdentifier>{9fc8349b-c9ed-4de2-b1c7-ebca1bfa65a2}</UniqueIdentifier>
    </Filter>
    <Filter Include="include\ui">
      <UniqueIdentifier>{66b04cdf-5e28-4a50-85b1-7b945bd39494}</UniqueIdentifier>
    </Filter>
    <Filter Include="src\core">
      <UniqueIdentifier>{b8012a06-f1a9-4b83-817a-e5a6ddacf12a}</UniqueIdentifier>
    </Filter>
    <Filter Include="src\monitoring">
      <UniqueIdentifier>{5df8b282-1629-4f3e-8b7d-97943e1fe681}</UniqueIdentifier>
    </Filter>
    <Filter Include="src\network">
      <UniqueIdentifier>{dc00954a-4412-48c4-8211-6c8d86b39678}</UniqueIdentifier>
    </Filter>
    <Filter Include="src\ui">
      <UniqueIdentifier>{28da2087-9e3f-4174-8bad-4b3b5ff23345}</UniqueIdentifier>
    </Filter>
    <Filter Include="src\services">
      <UniqueIdentifier>{43d59b9a-5aef-4ae1-a97a-4e44669f068b}</UniqueIdentifier>
    </Filter>
    <Filter Include="src\utilities">
      <UniqueIdentifier>{a2bdb104-e845-44cc-a918-23c116e3716f}</UniqueIdentifier>
    </Filter>
    <Filter Include="lib">
      <UniqueIdentifier>{9e9e5694-54a5-4369-a225-f9d5a09341bd}</UniqueIdentifier>
    </Filter>
    <Filter Include="lib\zlib">
      <UniqueIdentifier>{7a8b9c0d-1e2f-3a4b-5c6d-7e8f9a0b1c2d}</UniqueIdentifier>
    </Filter>
  </ItemGroup>
  <ItemGroup>
    <ClCompile Include="src\core\AgentCore.cpp">
      <Filter>src\core</Filter>
    </ClCompile>
    <ClCompile Include="src\monitoring\ConfigManager.cpp">
      <Filter>src\monitoring</Filter>
    </ClCompile>
    <ClCompile Include="src\monitoring\FileMonitor.cpp">
      <Filter>src\monitoring</Filter>
    </ClCompile>
    <ClCompile Include="src\monitoring\ProcessMonitor.cpp">
      <Filter>src\monitoring</Filter>
    </ClCompile>
    <ClCompile Include="src\network\HttpClient.cpp">
      <Filter>src\network</Filter>
    </ClCompile>
    <ClCompile Include="src\utilities\FileUtils.cpp">
      <Filter>src\utilities</Filter>
    </ClCompile>
    <ClCompile Include="src\utilities\NetworkUtils.cpp">
      <Filter>src\utilities</Filter>
    </ClCompile>
    <ClCompile Include="src\utilities\StringUtils.cpp">
      <Filter>src\utilities</Filter>
    </ClCompile>
    <ClCompile Include="src\utilities\ZipUtils.cpp">
      <Filter>src\utilities</Filter>
    </ClCompile>
    <ClCompile Include="src\Utils\Logger.cpp">
      <Filter>src\utilities</Filter>
    </ClCompile>
    <ClCompile Include="src\services\CommandExecutor.cpp">
      <Filter>src\services</Filter>
    </ClCompile>
    <ClCompile Include="src\services\ConfigService.cpp">
      <Filter>src\services</Filter>
    </ClCompile>
    <ClCompile Include="src\services\HeartbeatService.cpp">
      <Filter>src\services</Filter>
    </ClCompile>
    <ClCompile Include="src\services\LogService.cpp">
      <Filter>src\services</Filter>
    </ClCompile>
    <ClCompile Include="src\services\ModelService.cpp">
      <Filter>src\services</Filter>
    </ClCompile>
    <ClCompile Include="src\services\RegistrationService.cpp">
      <Filter>src\services</Filter>
    </ClCompile>
    <ClCompile Include="src\services\PipeClient.cpp">
      <Filter>src\services</Filter>
    </ClCompile>
    <ClCompile Include="src\ui\RegistrationDialog.cpp">
      <Filter>src\ui</Filter>
    </ClCompile>
    <ClCompile Include="src\ui\TrayIcon.cpp">
      <Filter>src\ui</Filter>
    </ClCompile>
    <ClCompile Include="src\main.cpp">
      <Filter>src</Filter>
    </ClCompile>
    <ClCompile Include="src\network\WebSocketClient.cpp">
      <Filter>src\network</Filter>
    </ClCompile>
    <!-- zlib source files -->
    <ClCompile Include="third_party\zlib\zlib-1.3.1\adler32.c">
      <Filter>lib\zlib</Filter>
    </ClCompile>
    <ClCompile Include="third_party\zlib\zlib-1.3.1\compress.c">
      <Filter>lib\zlib</Filter>
    </ClCompile>
    <ClCompile Include="third_party\zlib\zlib-1.3.1\crc32.c">
      <Filter>lib\zlib</Filter>
    </ClCompile>
    <ClCompile Include="third_party\zlib\zlib-1.3.1\deflate.c">
      <Filter>lib\zlib</Filter>
    </ClCompile>
    <ClCompile Include="third_party\zlib\zlib-1.3.1\gzclose.c">
      <Filter>lib\zlib</Filter>
    </ClCompile>
    <ClCompile Include="third_party\zlib\zlib-1.3.1\gzlib.c">
      <Filter>lib\zlib</Filter>
    </ClCompile>
    <ClCompile Include="third_party\zlib\zlib-1.3.1\gzread.c">
      <Filter>lib\zlib</Filter>
    </ClCompile>
    <ClCompile Include="third_party\zlib\zlib-1.3.1\gzwrite.c">
      <Filter>lib\zlib</Filter>
    </ClCompile>
    <ClCompile Include="third_party\zlib\zlib-1.3.1\infback.c">
      <Filter>lib\zlib</Filter>
    </ClCompile>
    <ClCompile Include="third_party\zlib\zlib-1.3.1\inffast.c">
      <Filter>lib\zlib</Filter>
    </ClCompile>
    <ClCompile Include="third_party\zlib\zlib-1.3.1\inflate.c">
      <Filter>lib\zlib</Filter>
    </ClCompile>
    <ClCompile Include="third_party\zlib\zlib-1.3.1\inftrees.c">
      <Filter>lib\zlib</Filter>
    </ClCompile>
    <ClCompile Include="third_party\zlib\zlib-1.3.1\trees.c">
      <Filter>lib\zlib</Filter>
    </ClCompile>
    <ClCompile Include="third_party\zlib\zlib-1.3.1\uncompr.c">
      <Filter>lib\zlib</Filter>
    </ClCompile>
    <ClCompile Include="third_party\zlib\zlib-1.3.1\zutil.c">
      <Filter>lib\zlib</Filter>
    </ClCompile>
    <ClCompile Include="src\services\ImageService.cpp">
      <Filter>src\services</Filter>
    </ClCompile>
    <ClCompile Include="src\stb_impl.cpp">
      <Filter>src\utilities</Filter>
    </ClCompile>
    <ClCompile Include="src\monitoring\YieldMonitor.cpp">
      <Filter>src\monitoring</Filter>
    </ClCompile>
    <ClCompile Include="src\monitoring\LogDirWatcher.cpp">
      <Filter>src\monitoring</Filter>
    </ClCompile>
    <ClCompile Include="src\monitoring\YieldFileWatcher.cpp">
      <Filter>src\monitoring</Filter>
    </ClCompile>
    <ClCompile Include="src\monitoring\YieldReporter.cpp">
      <Filter>src\monitoring</Filter>
    </ClCompile>
    <ClCompile Include="src\monitoring\YieldXmlParser.cpp">
      <Filter>src\monitoring</Filter>
    </ClCompile>
    <ClCompile Include="src\services\ModelDeployer.cpp">
      <Filter>src\services</Filter>
    </ClCompile>
  </ItemGroup>
</Project>